// !$*UTF8*$!
{
	archiveVersion = 1;
	classes = {
	};
	objectVersion = 56;
	objects = {

/* Begin PBXBuildFile section */
		AE0579C129C4DD1500447470 /* SwiftUi_with_FirebaseApp.swift in Sources */ = {isa = PBXBuildFile; fileRef = AE0579C029C4DD1500447470 /* SwiftUi_with_FirebaseApp.swift */; };
		AE0579C329C4DD1500447470 /* ContentView.swift in Sources */ = {isa = PBXBuildFile; fileRef = AE0579C229C4DD1500447470 /* ContentView.swift */; };
		AE0579C529C4DD1600447470 /* Assets.xcassets in Resources */ = {isa = PBXBuildFile; fileRef = AE0579C429C4DD1600447470 /* Assets.xcassets */; };
		AE0579C829C4DD1600447470 /* Preview Assets.xcassets in Resources */ = {isa = PBXBuildFile; fileRef = AE0579C729C4DD1600447470 /* Preview Assets.xcassets */; };
		AE0579CF29C4E1C900447470 /* GoogleService-Info.plist in Resources */ = {isa = PBXBuildFile; fileRef = AE0579CE29C4E1C900447470 /* GoogleService-Info.plist */; };
		AE0579D229C4E87900447470 /* FirebaseAnalytics in Frameworks */ = {isa = PBXBuildFile; productRef = AE0579D129C4E87900447470 /* FirebaseAnalytics */; };
		AE0579D429C4E87900447470 /* FirebaseAnalyticsSwift in Frameworks */ = {isa = PBXBuildFile; productRef = AE0579D329C4E87900447470 /* FirebaseAnalyticsSwift */; };
		AE0579D729C4F5A400447470 /* FirebaseAuth in Frameworks */ = {isa = PBXBuildFile; productRef = AE0579D629C4F5A400447470 /* FirebaseAuth */; };
		AE0579DA29C4F62000447470 /* AuthenticationView.swift in Sources */ = {isa = PBXBuildFile; fileRef = AE0579D929C4F62000447470 /* AuthenticationView.swift */; };
		AE0579DC29C4F7C500447470 /* SignInEmailView.swift in Sources */ = {isa = PBXBuildFile; fileRef = AE0579DB29C4F7C500447470 /* SignInEmailView.swift */; };
		AE0579DE29C4F8F100447470 /* AuthenticationManager.swift in Sources */ = {isa = PBXBuildFile; fileRef = AE0579DD29C4F8F000447470 /* AuthenticationManager.swift */; };
		AE0579E029C4FD4E00447470 /* RootView.swift in Sources */ = {isa = PBXBuildFile; fileRef = AE0579DF29C4FD4E00447470 /* RootView.swift */; };
/* End PBXBuildFile section */

/* Begin PBXFileReference section */
		AE0579BD29C4DD1500447470 /* SwiftUi-with-Firebase.app */ = {isa = PBXFileReference; explicitFileType = wrapper.application; includeInIndex = 0; path = "SwiftUi-with-Firebase.app"; sourceTree = BUILT_PRODUCTS_DIR; };
		AE0579C029C4DD1500447470 /* SwiftUi_with_FirebaseApp.swift */ = {isa = PBXFileReference; lastKnownFileType = sourcecode.swift; path = SwiftUi_with_FirebaseApp.swift; sourceTree = "<group>"; };
		AE0579C229C4DD1500447470 /* ContentView.swift */ = {isa = PBXFileReference; lastKnownFileType = sourcecode.swift; path = ContentView.swift; sourceTree = "<group>"; };
		AE0579C429C4DD1600447470 /* Assets.xcassets */ = {isa = PBXFileReference; lastKnownFileType = folder.assetcatalog; path = Assets.xcassets; sourceTree = "<group>"; };
		AE0579C729C4DD1600447470 /* Preview Assets.xcassets */ = {isa = PBXFileReference; lastKnownFileType = folder.assetcatalog; path = "Preview Assets.xcassets"; sourceTree = "<group>"; };
		AE0579CE29C4E1C900447470 /* GoogleService-Info.plist */ = {isa = PBXFileReference; fileEncoding = 4; lastKnownFileType = text.plist.xml; path = "GoogleService-Info.plist"; sourceTree = "<group>"; };
		AE0579D929C4F62000447470 /* AuthenticationView.swift */ = {isa = PBXFileReference; lastKnownFileType = sourcecode.swift; path = AuthenticationView.swift; sourceTree = "<group>"; };
		AE0579DB29C4F7C500447470 /* SignInEmailView.swift */ = {isa = PBXFileReference; lastKnownFileType = sourcecode.swift; path = SignInEmailView.swift; sourceTree = "<group>"; };
		AE0579DD29C4F8F000447470 /* AuthenticationManager.swift */ = {isa = PBXFileReference; lastKnownFileType = sourcecode.swift; path = AuthenticationManager.swift; sourceTree = "<group>"; };
		AE0579DF29C4FD4E00447470 /* RootView.swift */ = {isa = PBXFileReference; lastKnownFileType = sourcecode.swift; path = RootView.swift; sourceTree = "<group>"; };
/* End PBXFileReference section */

/* Begin PBXFrameworksBuildPhase section */
		AE0579BA29C4DD1500447470 /* Frameworks */ = {
			isa = PBXFrameworksBuildPhase;
			buildActionMask = 2147483647;
			files = (
				AE0579D429C4E87900447470 /* FirebaseAnalyticsSwift in Frameworks */,
				AE0579D729C4F5A400447470 /* FirebaseAuth in Frameworks */,
				AE0579D229C4E87900447470 /* FirebaseAnalytics in Frameworks */,
			);
			runOnlyForDeploymentPostprocessing = 0;
		};
/* End PBXFrameworksBuildPhase section */

/* Begin PBXGroup section */
		AE0579B429C4DD1500447470 = {
			isa = PBXGroup;
			children = (
				AE0579BF29C4DD1500447470 /* SwiftUi-with-Firebase */,
				AE0579BE29C4DD1500447470 /* Products */,
				AE0579D529C4F5A400447470 /* Frameworks */,
			);
			sourceTree = "<group>";
		};
		AE0579BE29C4DD1500447470 /* Products */ = {
			isa = PBXGroup;
			children = (
				AE0579BD29C4DD1500447470 /* SwiftUi-with-Firebase.app */,
			);
			name = Products;
			sourceTree = "<group>";
		};
		AE0579BF29C4DD1500447470 /* SwiftUi-with-Firebase */ = {
			isa = PBXGroup;
			children = (
				AE0579D829C4F60B00447470 /* Authentication */,
				AE0579CE29C4E1C900447470 /* GoogleService-Info.plist */,
				AE0579C029C4DD1500447470 /* SwiftUi_with_FirebaseApp.swift */,
				AE0579C229C4DD1500447470 /* ContentView.swift */,
				AE0579C429C4DD1600447470 /* Assets.xcassets */,
				AE0579C629C4DD1600447470 /* Preview Content */,
			);
			path = "SwiftUi-with-Firebase";
			sourceTree = "<group>";
		};
		AE0579C629C4DD1600447470 /* Preview Content */ = {
			isa = PBXGroup;
			children = (
				AE0579C729C4DD1600447470 /* Preview Assets.xcassets */,
			);
			path = "Preview Content";
			sourceTree = "<group>";
		};
		AE0579D529C4F5A400447470 /* Frameworks */ = {
			isa = PBXGroup;
			children = (
			);
			name = Frameworks;
			sourceTree = "<group>";
		};
		AE0579D829C4F60B00447470 /* Authentication */ = {
			isa = PBXGroup;
			children = (
				AE0579D929C4F62000447470 /* AuthenticationView.swift */,
				AE0579DB29C4F7C500447470 /* SignInEmailView.swift */,
				AE0579DD29C4F8F000447470 /* AuthenticationManager.swift */,
				AE0579DF29C4FD4E00447470 /* RootView.swift */,
			);
			path = Authentication;
			sourceTree = "<group>";
		};
/* End PBXGroup section */

/* Begin PBXNativeTarget section */
		AE0579BC29C4DD1500447470 /* SwiftUi-with-Firebase */ = {
			isa = PBXNativeTarget;
			buildConfigurationList = AE0579CB29C4DD1600447470 /* Build configuration list for PBXNativeTarget "SwiftUi-with-Firebase" */;
			buildPhases = (
				AE0579B929C4DD1500447470 /* Sources */,
				AE0579BA29C4DD1500447470 /* Frameworks */,
				AE0579BB29C4DD1500447470 /* Resources */,
			);
			buildRules = (
			);
			dependencies = (
			);
			name = "SwiftUi-with-Firebase";
			packageProductDependencies = (
				AE0579D129C4E87900447470 /* FirebaseAnalytics */,
				AE0579D329C4E87900447470 /* FirebaseAnalyticsSwift */,
				AE0579D629C4F5A400447470 /* FirebaseAuth */,
			);
			productName = "SwiftUi-with-Firebase";
			productReference = AE0579BD29C4DD1500447470 /* SwiftUi-with-Firebase.app */;
			productType = "com.apple.product-type.application";
		};
/* End PBXNativeTarget section */

/* Begin PBXProject section */
		AE0579B529C4DD1500447470 /* Project object */ = {
			isa = PBXProject;
			attributes = {
				BuildIndependentTargetsInParallel = 1;
				LastSwiftUpdateCheck = 1420;
				LastUpgradeCheck = 1420;
				TargetAttributes = {
					AE0579BC29C4DD1500447470 = {
						CreatedOnToolsVersion = 14.2;
					};
				};
			};
			buildConfigurationList = AE0579B829C4DD1500447470 /* Build configuration list for PBXProject "SwiftUi-with-Firebase" */;
			compatibilityVersion = "Xcode 14.0";
			developmentRegion = en;
			hasScannedForEncodings = 0;
			knownRegions = (
				en,
				Base,
			);
			mainGroup = AE0579B429C4DD1500447470;
			packageReferences = (
				AE0579D029C4E87900447470 /* XCRemoteSwiftPackageReference "firebase-ios-sdk" */,
			);
			productRefGroup = AE0579BE29C4DD1500447470 /* Products */;
			projectDirPath = "";
			projectRoot = "";
			targets = (
				AE0579BC29C4DD1500447470 /* SwiftUi-with-Firebase */,
			);
		};
/* End PBXProject section */

/* Begin PBXResourcesBuildPhase section */
		AE0579BB29C4DD1500447470 /* Resources */ = {
			isa = PBXResourcesBuildPhase;
			buildActionMask = 2147483647;
			files = (
				AE0579C829C4DD1600447470 /* Preview Assets.xcassets in Resources */,
				AE0579C529C4DD1600447470 /* Assets.xcassets in Resources */,
				AE0579CF29C4E1C900447470 /* GoogleService-Info.plist in Resources */,
			);
			runOnlyForDeploymentPostprocessing = 0;
		};
/* End PBXResourcesBuildPhase section */

/* Begin PBXSourcesBuildPhase section */
		AE0579B929C4DD1500447470 /* Sources */ = {
			isa = PBXSourcesBuildPhase;
			buildActionMask = 2147483647;
			files = (
				AE0579C329C4DD1500447470 /* ContentView.swift in Sources */,
				AE0579C129C4DD1500447470 /* SwiftUi_with_FirebaseApp.swift in Sources */,
				AE0579E029C4FD4E00447470 /* RootView.swift in Sources */,
				AE0579DA29C4F62000447470 /* AuthenticationView.swift in Sources */,
				AE0579DE29C4F8F100447470 /* AuthenticationManager.swift in Sources */,
				AE0579DC29C4F7C500447470 /* SignInEmailView.swift in Sources */,
			);
			runOnlyForDeploymentPostprocessing = 0;
		};
/* End PBXSourcesBuildPhase section */

/* Begin XCBuildConfiguration section */
		AE0579C929C4DD1600447470 /* Debug */ = {
			isa = XCBuildConfiguration;
			buildSettings = {
				ALWAYS_SEARCH_USER_PATHS = NO;
				CLANG_ANALYZER_NONNULL = YES;
				CLANG_ANALYZER_NUMBER_OBJECT_CONVERSION = YES_AGGRESSIVE;
				CLANG_CXX_LANGUAGE_STANDARD = "gnu++20";
				CLANG_ENABLE_MODULES = YES;
				CLANG_ENABLE_OBJC_ARC = YES;
				CLANG_ENABLE_OBJC_WEAK = YES;
				CLANG_WARN_BLOCK_CAPTURE_AUTORELEASING = YES;
				CLANG_WARN_BOOL_CONVERSION = YES;
				CLANG_WARN_COMMA = YES;
				CLANG_WARN_CONSTANT_CONVERSION = YES;
				CLANG_WARN_DEPRECATED_OBJC_IMPLEMENTATIONS = YES;
				CLANG_WARN_DIRECT_OBJC_ISA_USAGE = YES_ERROR;
				CLANG_WARN_DOCUMENTATION_COMMENTS = YES;
				CLANG_WARN_EMPTY_BODY = YES;
				CLANG_WARN_ENUM_CONVERSION = YES;
				CLANG_WARN_INFINITE_RECURSION = YES;
				CLANG_WARN_INT_CONVERSION = YES;
				CLANG_WARN_NON_LITERAL_NULL_CONVERSION = YES;
				CLANG_WARN_OBJC_IMPLICIT_RETAIN_SELF = YES;
				CLANG_WARN_OBJC_LITERAL_CONVERSION = YES;
				CLANG_WARN_OBJC_ROOT_CLASS = YES_ERROR;
				CLANG_WARN_QUOTED_INCLUDE_IN_FRAMEWORK_HEADER = YES;
				CLANG_WARN_RANGE_LOOP_ANALYSIS = YES;
				CLANG_WARN_STRICT_PROTOTYPES = YES;
				CLANG_WARN_SUSPICIOUS_MOVE = YES;
				CLANG_WARN_UNGUARDED_AVAILABILITY = YES_AGGRESSIVE;
				CLANG_WARN_UNREACHABLE_CODE = YES;
				CLANG_WARN__DUPLICATE_METHOD_MATCH = YES;
				COPY_PHASE_STRIP = NO;
				DEBUG_INFORMATION_FORMAT = dwarf;
				ENABLE_STRICT_OBJC_MSGSEND = YES;
				ENABLE_TESTABILITY = YES;
				GCC_C_LANGUAGE_STANDARD = gnu11;
				GCC_DYNAMIC_NO_PIC = NO;
				GCC_NO_COMMON_BLOCKS = YES;
				GCC_OPTIMIZATION_LEVEL = 0;
				GCC_PREPROCESSOR_DEFINITIONS = (
					"DEBUG=1",
					"$(inherited)",
				);
				GCC_WARN_64_TO_32_BIT_CONVERSION = YES;
				GCC_WARN_ABOUT_RETURN_TYPE = YES_ERROR;
				GCC_WARN_UNDECLARED_SELECTOR = YES;
				GCC_WARN_UNINITIALIZED_AUTOS = YES_AGGRESSIVE;
				GCC_WARN_UNUSED_FUNCTION = YES;
				GCC_WARN_UNUSED_VARIABLE = YES;
				IPHONEOS_DEPLOYMENT_TARGET = 16.2;
				MTL_ENABLE_DEBUG_INFO = INCLUDE_SOURCE;
				MTL_FAST_MATH = YES;
				ONLY_ACTIVE_ARCH = YES;
				SDKROOT = iphoneos;
				SWIFT_ACTIVE_COMPILATION_CONDITIONS = DEBUG;
				SWIFT_OPTIMIZATION_LEVEL = "-Onone";
			};
			name = Debug;
		};
		AE0579CA29C4DD1600447470 /* Release */ = {
			isa = XCBuildConfiguration;
			buildSettings = {
				ALWAYS_SEARCH_USER_PATHS = NO;
				CLANG_ANALYZER_NONNULL = YES;
				CLANG_ANALYZER_NUMBER_OBJECT_CONVERSION = YES_AGGRESSIVE;
				CLANG_CXX_LANGUAGE_STANDARD = "gnu++20";
				CLANG_ENABLE_MODULES = YES;
				CLANG_ENABLE_OBJC_ARC = YES;
				CLANG_ENABLE_OBJC_WEAK = YES;
				CLANG_WARN_BLOCK_CAPTURE_AUTORELEASING = YES;
				CLANG_WARN_BOOL_CONVERSION = YES;
				CLANG_WARN_COMMA = YES;
				CLANG_WARN_CONSTANT_CONVERSION = YES;
				CLANG_WARN_DEPRECATED_OBJC_IMPLEMENTATIONS = YES;
				CLANG_WARN_DIRECT_OBJC_ISA_USAGE = YES_ERROR;
				CLANG_WARN_DOCUMENTATION_COMMENTS = YES;
				CLANG_WARN_EMPTY_BODY = YES;
				CLANG_WARN_ENUM_CONVERSION = YES;
				CLANG_WARN_INFINITE_RECURSION = YES;
				CLANG_WARN_INT_CONVERSION = YES;
				CLANG_WARN_NON_LITERAL_NULL_CONVERSION = YES;
				CLANG_WARN_OBJC_IMPLICIT_RETAIN_SELF = YES;
				CLANG_WARN_OBJC_LITERAL_CONVERSION = YES;
				CLANG_WARN_OBJC_ROOT_CLASS = YES_ERROR;
				CLANG_WARN_QUOTED_INCLUDE_IN_FRAMEWORK_HEADER = YES;
				CLANG_WARN_RANGE_LOOP_ANALYSIS = YES;
				CLANG_WARN_STRICT_PROTOTYPES = YES;
				CLANG_WARN_SUSPICIOUS_MOVE = YES;
				CLANG_WARN_UNGUARDED_AVAILABILITY = YES_AGGRESSIVE;
				CLANG_WARN_UNREACHABLE_CODE = YES;
				CLANG_WARN__DUPLICATE_METHOD_MATCH = YES;
				COPY_PHASE_STRIP = NO;
				DEBUG_INFORMATION_FORMAT = "dwarf-with-dsym";
				ENABLE_NS_ASSERTIONS = NO;
				ENABLE_STRICT_OBJC_MSGSEND = YES;
				GCC_C_LANGUAGE_STANDARD = gnu11;
				GCC_NO_COMMON_BLOCKS = YES;
				GCC_WARN_64_TO_32_BIT_CONVERSION = YES;
				GCC_WARN_ABOUT_RETURN_TYPE = YES_ERROR;
				GCC_WARN_UNDECLARED_SELECTOR = YES;
				GCC_WARN_UNINITIALIZED_AUTOS = YES_AGGRESSIVE;
				GCC_WARN_UNUSED_FUNCTION = YES;
				GCC_WARN_UNUSED_VARIABLE = YES;
				IPHONEOS_DEPLOYMENT_TARGET = 16.2;
				MTL_ENABLE_DEBUG_INFO = NO;
				MTL_FAST_MATH = YES;
				SDKROOT = iphoneos;
				SWIFT_COMPILATION_MODE = wholemodule;
				SWIFT_OPTIMIZATION_LEVEL = "-O";
				VALIDATE_PRODUCT = YES;
			};
			name = Release;
		};
		AE0579CC29C4DD1600447470 /* Debug */ = {
			isa = XCBuildConfiguration;
			buildSettings = {
				ASSETCATALOG_COMPILER_APPICON_NAME = AppIcon;
				ASSETCATALOG_COMPILER_GLOBAL_ACCENT_COLOR_NAME = AccentColor;
				CODE_SIGN_STYLE = Automatic;
				CURRENT_PROJECT_VERSION = 1;
				DEVELOPMENT_ASSET_PATHS = "\"SwiftUi-with-Firebase/Preview Content\"";
				DEVELOPMENT_TEAM = 5C3SB5DK2F;
				ENABLE_PREVIEWS = YES;
				GENERATE_INFOPLIST_FILE = YES;
				INFOPLIST_KEY_UIApplicationSceneManifest_Generation = YES;
				INFOPLIST_KEY_UIApplicationSupportsIndirectInputEvents = YES;
				INFOPLIST_KEY_UILaunchScreen_Generation = YES;
				INFOPLIST_KEY_UISupportedInterfaceOrientations_iPad = "UIInterfaceOrientationPortrait UIInterfaceOrientationPortraitUpsideDown UIInterfaceOrientationLandscapeLeft UIInterfaceOrientationLandscapeRight";
				INFOPLIST_KEY_UISupportedInterfaceOrientations_iPhone = "UIInterfaceOrientationPortrait UIInterfaceOrientationLandscapeLeft UIInterfaceOrientationLandscapeRight";
				LD_RUNPATH_SEARCH_PATHS = (
					"$(inherited)",
					"@executable_path/Frameworks",
				);
				MARKETING_VERSION = 1.0;
				PRODUCT_BUNDLE_IDENTIFIER = "com.hakangul.SwiftUi-with-Firebase";
				PRODUCT_NAME = "$(TARGET_NAME)";
				SWIFT_EMIT_LOC_STRINGS = YES;
				SWIFT_VERSION = 5.0;
				TARGETED_DEVICE_FAMILY = "1,2";
			};
			name = Debug;
		};
		AE0579CD29C4DD1600447470 /* Release */ = {
			isa = XCBuildConfiguration;
			buildSettings = {
				ASSETCATALOG_COMPILER_APPICON_NAME = AppIcon;
				ASSETCATALOG_COMPILER_GLOBAL_ACCENT_COLOR_NAME = AccentColor;
				CODE_SIGN_STYLE = Automatic;
				CURRENT_PROJECT_VERSION = 1;
				DEVELOPMENT_ASSET_PATHS = "\"SwiftUi-with-Firebase/Preview Content\"";
				DEVELOPMENT_TEAM = 5C3SB5DK2F;
				ENABLE_PREVIEWS = YES;
				GENERATE_INFOPLIST_FILE = YES;
				INFOPLIST_KEY_UIApplicationSceneManifest_Generation = YES;
				INFOPLIST_KEY_UIApplicationSupportsIndirectInputEvents = YES;
				INFOPLIST_KEY_UILaunchScreen_Generation = YES;
				INFOPLIST_KEY_UISupportedInterfaceOrientations_iPad = "UIInterfaceOrientationPortrait UIInterfaceOrientationPortraitUpsideDown UIInterfaceOrientationLandscapeLeft UIInterfaceOrientationLandscapeRight";
				INFOPLIST_KEY_UISupportedInterfaceOrientations_iPhone = "UIInterfaceOrientationPortrait UIInterfaceOrientationLandscapeLeft UIInterfaceOrientationLandscapeRight";
				LD_RUNPATH_SEARCH_PATHS = (
					"$(inherited)",
					"@executable_path/Frameworks",
				);
				MARKETING_VERSION = 1.0;
				PRODUCT_BUNDLE_IDENTIFIER = "com.hakangul.SwiftUi-with-Firebase";
				PRODUCT_NAME = "$(TARGET_NAME)";
				SWIFT_EMIT_LOC_STRINGS = YES;
				SWIFT_VERSION = 5.0;
				TARGETED_DEVICE_FAMILY = "1,2";
			};
			name = Release;
		};
/* End XCBuildConfiguration section */

/* Begin XCConfigurationList section */
		AE0579B829C4DD1500447470 /* Build configuration list for PBXProject "SwiftUi-with-Firebase" */ = {
			isa = XCConfigurationList;
			buildConfigurations = (
				AE0579C929C4DD1600447470 /* Debug */,
				AE0579CA29C4DD1600447470 /* Release */,
			);
			defaultConfigurationIsVisible = 0;
			defaultConfigurationName = Release;
		};
		AE0579CB29C4DD1600447470 /* Build configuration list for PBXNativeTarget "SwiftUi-with-Firebase" */ = {
			isa = XCConfigurationList;
			buildConfigurations = (
				AE0579CC29C4DD1600447470 /* Debug */,
				AE0579CD29C4DD1600447470 /* Release */,
			);
			defaultConfigurationIsVisible = 0;
			defaultConfigurationName = Release;
		};
/* End XCConfigurationList section */

/* Begin XCRemoteSwiftPackageReference section */
		AE0579D029C4E87900447470 /* XCRemoteSwiftPackageReference "firebase-ios-sdk" */ = {
			isa = XCRemoteSwiftPackageReference;
			repositoryURL = "https://github.com/firebase/firebase-ios-sdk.git";
			requirement = {
				kind = exactVersion;
				version = 10.4.0;
			};
		};
/* End XCRemoteSwiftPackageReference section */

/* Begin XCSwiftPackageProductDependency section */
		AE0579D129C4E87900447470 /* FirebaseAnalytics */ = {
			isa = XCSwiftPackageProductDependency;
			package = AE0579D029C4E87900447470 /* XCRemoteSwiftPackageReference "firebase-ios-sdk" */;
			productName = FirebaseAnalytics;
		};
		AE0579D329C4E87900447470 /* FirebaseAnalyticsSwift */ = {
			isa = XCSwiftPackageProductDependency;
			package = AE0579D029C4E87900447470 /* XCRemoteSwiftPackageReference "firebase-ios-sdk" */;
			productName = FirebaseAnalyticsSwift;
		};
		AE0579D629C4F5A400447470 /* FirebaseAuth */ = {
			isa = XCSwiftPackageProductDependency;
			package = AE0579D029C4E87900447470 /* XCRemoteSwiftPackageReference "firebase-ios-sdk" */;
			productName = FirebaseAuth;
		};
/* End XCSwiftPackageProductDependency section */
	};
	rootObject = AE0579B529C4DD1500447470 /* Project object */;
}
